
Microsoft Visual Studio Solution File, Format Version 12.00
# Visual Studio Version 16
VisualStudioVersion = 16.0.29911.84
MinimumVisualStudioVersion = 10.0.40219.1
Project("{FAE04EC0-301F-11D3-BF4B-00C04F79EFBC}") = "Skala", "Skala\Skala.csproj", "{00E5F581-E73B-4536-BAE1-677DFC14BBBE}"
EndProject
Global
	GlobalSection(SolutionConfigurationPlatforms) = preSolution
		Debug|Any CPU = Debug|Any CPU
		Release|Any CPU = Release|Any CPU
	EndGlobalSection
	GlobalSection(ProjectConfigurationPlatforms) = postSolution
		{00E5F581-E73B-4536-BAE1-677DFC14BBBE}.Debug|Any CPU.ActiveCfg = Debug|Any CPU
		{00E5F581-E73B-4536-BAE1-677DFC14BBBE}.Debug|Any CPU.Build.0 = Debug|Any CPU
		{00E5F581-E73B-4536-BAE1-677DFC14BBBE}.Release|Any CPU.ActiveCfg = Release|Any CPU
		{00E5F581-E73B-4536-BAE1-677DFC14BBBE}.Release|Any CPU.Build.0 = Release|Any CPU
	EndGlobalSection
	GlobalSection(SolutionProperties) = preSolution
		HideSolutionNode = FALSE
	EndGlobalSection
	GlobalSection(ExtensibilityGlobals) = postSolution
		SolutionGuid = {27F9F182-63C6-433A-A073-6DD0A8F5C49C}
	EndGlobalSection
EndGlobal
